# This file is automatically @generated by Cargo.
# It is not intended for manual editing.
version = 4

[[package]]
name = "token-goblin"
version = "0.1.0"
dependencies = [
 "token-goblin-macro",
]

[[package]]
name = "token-goblin-macro"
version = "0.1.0"

[[package]]
name = "token-goblin-runtime"
version = "0.1.0"
